
Microsoft Visual Studio Solution File, Format Version 12.00
# Visual Studio Version 17
VisualStudioVersion = 17.3.32901.215
MinimumVisualStudioVersion = 10.0.40219.1
Project("{9A19103F-16F7-4668-BE54-9A1E7A4F7556}") = "CorePlayGround", "CorePlayGround\CorePlayGround.csproj", "{915C5DED-C1AB-4CBB-8DC6-6BBD13DBFD84}"
EndProject
Project("{FAE04EC0-301F-11D3-BF4B-00C04F79EFBC}") = "BookLibraryApi", "BookLibraryApi\BookLibraryApi.csproj", "{BB8E2667-37AB-43B3-BB1C-9E2385726396}"
EndProject
Global
	GlobalSection(SolutionConfigurationPlatforms) = preSolution
		Debug|Any CPU = Debug|Any CPU
		Release|Any CPU = Release|Any CPU
	EndGlobalSection
	GlobalSection(ProjectConfigurationPlatforms) = postSolution
		{915C5DED-C1AB-4CBB-8DC6-6BBD13DBFD84}.Debug|Any CPU.ActiveCfg = Debug|Any CPU
		{915C5DED-C1AB-4CBB-8DC6-6BBD13DBFD84}.Debug|Any CPU.Build.0 = Debug|Any CPU
		{915C5DED-C1AB-4CBB-8DC6-6BBD13DBFD84}.Release|Any CPU.ActiveCfg = Release|Any CPU
		{915C5DED-C1AB-4CBB-8DC6-6BBD13DBFD84}.Release|Any CPU.Build.0 = Release|Any CPU
		{BB8E2667-37AB-43B3-BB1C-9E2385726396}.Debug|Any CPU.ActiveCfg = Debug|Any CPU
		{BB8E2667-37AB-43B3-BB1C-9E2385726396}.Debug|Any CPU.Build.0 = Debug|Any CPU
		{BB8E2667-37AB-43B3-BB1C-9E2385726396}.Release|Any CPU.ActiveCfg = Release|Any CPU
		{BB8E2667-37AB-43B3-BB1C-9E2385726396}.Release|Any CPU.Build.0 = Release|Any CPU
	EndGlobalSection
	GlobalSection(SolutionProperties) = preSolution
		HideSolutionNode = FALSE
	EndGlobalSection
	GlobalSection(ExtensibilityGlobals) = postSolution
		SolutionGuid = {1E765F0E-64B6-4AFB-9422-EC8AC46DCA90}
	EndGlobalSection
EndGlobal
